
Microsoft Visual Studio Solution File, Format Version 12.00
# Visual Studio Version 17
VisualStudioVersion = 17.4.33213.308
MinimumVisualStudioVersion = 10.0.40219.1
Project("{FAE04EC0-301F-11D3-BF4B-00C04F79EFBC}") = "bebraProject666", "bebraProject666\bebraProject666.csproj", "{5068D0C9-2FA0-4287-8157-169D240C977E}"
EndProject
Global
	GlobalSection(SolutionConfigurationPlatforms) = preSolution
		Debug|Any CPU = Debug|Any CPU
		Release|Any CPU = Release|Any CPU
	EndGlobalSection
	GlobalSection(ProjectConfigurationPlatforms) = postSolution
		{5068D0C9-2FA0-4287-8157-169D240C977E}.Debug|Any CPU.ActiveCfg = Debug|Any CPU
		{5068D0C9-2FA0-4287-8157-169D240C977E}.Debug|Any CPU.Build.0 = Debug|Any CPU
		{5068D0C9-2FA0-4287-8157-169D240C977E}.Release|Any CPU.ActiveCfg = Release|Any CPU
		{5068D0C9-2FA0-4287-8157-169D240C977E}.Release|Any CPU.Build.0 = Release|Any CPU
	EndGlobalSection
	GlobalSection(SolutionProperties) = preSolution
		HideSolutionNode = FALSE
	EndGlobalSection
	GlobalSection(ExtensibilityGlobals) = postSolution
		SolutionGuid = {71E7FB86-EE9C-4757-98E3-4C246C4A9DC2}
	EndGlobalSection
EndGlobal
